
Microsoft Visual Studio Solution File, Format Version 12.00
# Visual Studio Version 17
VisualStudioVersion = 17.12.35527.113
MinimumVisualStudioVersion = 10.0.40219.1
Project("{FAE04EC0-301F-11D3-BF4B-00C04F79EFBC}") = "EightSixteenEmu", "EightSixteenEmu\EightSixteenEmu.csproj", "{A1068BFF-8FB3-4945-BADE-4C33E427D214}"
EndProject
Project("{FAE04EC0-301F-11D3-BF4B-00C04F79EFBC}") = "EmuXTesting", "EmuXTesting\EmuXTesting.csproj", "{FD50D4AC-8366-4494-8A4E-87CA24B3A787}"
EndProject
Global
	GlobalSection(SolutionConfigurationPlatforms) = preSolution
		Debug|Any CPU = Debug|Any CPU
		DebugGui|Any CPU = DebugGui|Any CPU
		Release|Any CPU = Release|Any CPU
		ReleaseGui|Any CPU = ReleaseGui|Any CPU
	EndGlobalSection
	GlobalSection(ProjectConfigurationPlatforms) = postSolution
		{A1068BFF-8FB3-4945-BADE-4C33E427D214}.Debug|Any CPU.ActiveCfg = Debug|Any CPU
		{A1068BFF-8FB3-4945-BADE-4C33E427D214}.Debug|Any CPU.Build.0 = Debug|Any CPU
		{A1068BFF-8FB3-4945-BADE-4C33E427D214}.DebugGui|Any CPU.ActiveCfg = DebugGui|Any CPU
		{A1068BFF-8FB3-4945-BADE-4C33E427D214}.DebugGui|Any CPU.Build.0 = DebugGui|Any CPU
		{A1068BFF-8FB3-4945-BADE-4C33E427D214}.Release|Any CPU.ActiveCfg = Release|Any CPU
		{A1068BFF-8FB3-4945-BADE-4C33E427D214}.Release|Any CPU.Build.0 = Release|Any CPU
		{A1068BFF-8FB3-4945-BADE-4C33E427D214}.ReleaseGui|Any CPU.ActiveCfg = ReleaseGui|Any CPU
		{A1068BFF-8FB3-4945-BADE-4C33E427D214}.ReleaseGui|Any CPU.Build.0 = ReleaseGui|Any CPU
		{FD50D4AC-8366-4494-8A4E-87CA24B3A787}.Debug|Any CPU.ActiveCfg = Debug|Any CPU
		{FD50D4AC-8366-4494-8A4E-87CA24B3A787}.Debug|Any CPU.Build.0 = Debug|Any CPU
		{FD50D4AC-8366-4494-8A4E-87CA24B3A787}.DebugGui|Any CPU.ActiveCfg = Debug|Any CPU
		{FD50D4AC-8366-4494-8A4E-87CA24B3A787}.DebugGui|Any CPU.Build.0 = Debug|Any CPU
		{FD50D4AC-8366-4494-8A4E-87CA24B3A787}.Release|Any CPU.ActiveCfg = Release|Any CPU
		{FD50D4AC-8366-4494-8A4E-87CA24B3A787}.Release|Any CPU.Build.0 = Release|Any CPU
		{FD50D4AC-8366-4494-8A4E-87CA24B3A787}.ReleaseGui|Any CPU.ActiveCfg = Release|Any CPU
		{FD50D4AC-8366-4494-8A4E-87CA24B3A787}.ReleaseGui|Any CPU.Build.0 = Release|Any CPU
	EndGlobalSection
	GlobalSection(SolutionProperties) = preSolution
		HideSolutionNode = FALSE
	EndGlobalSection
	GlobalSection(ExtensibilityGlobals) = postSolution
		SolutionGuid = {2681E7E8-E44F-495F-86E1-0315AA7DF374}
	EndGlobalSection
EndGlobal
